
Microsoft Visual Studio Solution File, Format Version 12.00
# Visual Studio Version 17
VisualStudioVersion = 17.5.33502.453
MinimumVisualStudioVersion = 10.0.40219.1
Project("{FAE04EC0-301F-11D3-BF4B-00C04F79EFBC}") = "biglist", "biglist.csproj", "{CCD2AE51-2E70-4EF8-8A2C-66E55242FD97}"
EndProject
Global
	GlobalSection(SolutionConfigurationPlatforms) = preSolution
		Debug|Any CPU = Debug|Any CPU
		Release|Any CPU = Release|Any CPU
	EndGlobalSection
	GlobalSection(ProjectConfigurationPlatforms) = postSolution
		{CCD2AE51-2E70-4EF8-8A2C-66E55242FD97}.Debug|Any CPU.ActiveCfg = Debug|Any CPU
		{CCD2AE51-2E70-4EF8-8A2C-66E55242FD97}.Debug|Any CPU.Build.0 = Debug|Any CPU
		{CCD2AE51-2E70-4EF8-8A2C-66E55242FD97}.Release|Any CPU.ActiveCfg = Release|Any CPU
		{CCD2AE51-2E70-4EF8-8A2C-66E55242FD97}.Release|Any CPU.Build.0 = Release|Any CPU
	EndGlobalSection
	GlobalSection(SolutionProperties) = preSolution
		HideSolutionNode = FALSE
	EndGlobalSection
	GlobalSection(ExtensibilityGlobals) = postSolution
		SolutionGuid = {5E59C204-1A04-49E6-B45C-2E2494505F78}
	EndGlobalSection
EndGlobal
